// !$*UTF8*$!
{
	archiveVersion = 1;
	classes = {
	};
	objectVersion = 56;
	objects = {

/* Begin PBXBuildFile section */
		6D77099C2C63C5D0004F8D82 /* ToDoListSUIApp.swift in Sources */ = {isa = PBXBuildFile; fileRef = 6D77099B2C63C5D0004F8D82 /* ToDoListSUIApp.swift */; };
		6D77099E2C63C5D0004F8D82 /* MainView.swift in Sources */ = {isa = PBXBuildFile; fileRef = 6D77099D2C63C5D0004F8D82 /* MainView.swift */; };
		6D7709A02C63C5D1004F8D82 /* Assets.xcassets in Resources */ = {isa = PBXBuildFile; fileRef = 6D77099F2C63C5D1004F8D82 /* Assets.xcassets */; };
		6D7709A32C63C5D1004F8D82 /* Preview Assets.xcassets in Resources */ = {isa = PBXBuildFile; fileRef = 6D7709A22C63C5D1004F8D82 /* Preview Assets.xcassets */; };
		6D7709AB2C63C69D004F8D82 /* FirebaseAnalytics in Frameworks */ = {isa = PBXBuildFile; productRef = 6D7709AA2C63C69D004F8D82 /* FirebaseAnalytics */; };
		6D7709AD2C63C69D004F8D82 /* FirebaseAnalyticsOnDeviceConversion in Frameworks */ = {isa = PBXBuildFile; productRef = 6D7709AC2C63C69D004F8D82 /* FirebaseAnalyticsOnDeviceConversion */; };
		6D7709AF2C63C69D004F8D82 /* FirebaseAnalyticsWithoutAdIdSupport in Frameworks */ = {isa = PBXBuildFile; productRef = 6D7709AE2C63C69D004F8D82 /* FirebaseAnalyticsWithoutAdIdSupport */; };
		6D7709B12C63C69D004F8D82 /* FirebaseAppCheck in Frameworks */ = {isa = PBXBuildFile; productRef = 6D7709B02C63C69D004F8D82 /* FirebaseAppCheck */; };
		6D7709B32C63C69D004F8D82 /* FirebaseAppDistribution-Beta in Frameworks */ = {isa = PBXBuildFile; productRef = 6D7709B22C63C69D004F8D82 /* FirebaseAppDistribution-Beta */; };
		6D7709B52C63C724004F8D82 /* GoogleService-Info.plist in Resources */ = {isa = PBXBuildFile; fileRef = 6D7709B42C63C724004F8D82 /* GoogleService-Info.plist */; };
		6D7709BA2C63E1E7004F8D82 /* ProfileView.swift in Sources */ = {isa = PBXBuildFile; fileRef = 6D7709B92C63E1E7004F8D82 /* ProfileView.swift */; };
		6D7709BC2C63E236004F8D82 /* ToDoListView.swift in Sources */ = {isa = PBXBuildFile; fileRef = 6D7709BB2C63E236004F8D82 /* ToDoListView.swift */; };
		6D7709BE2C63E24E004F8D82 /* NewItemView.swift in Sources */ = {isa = PBXBuildFile; fileRef = 6D7709BD2C63E24E004F8D82 /* NewItemView.swift */; };
		6D7709C02C63E271004F8D82 /* LoginView.swift in Sources */ = {isa = PBXBuildFile; fileRef = 6D7709BF2C63E271004F8D82 /* LoginView.swift */; };
		6D7709C22C63E289004F8D82 /* RegisterView.swift in Sources */ = {isa = PBXBuildFile; fileRef = 6D7709C12C63E289004F8D82 /* RegisterView.swift */; };
		6D7709C42C63FC47004F8D82 /* ToDoListItemView.swift in Sources */ = {isa = PBXBuildFile; fileRef = 6D7709C32C63FC47004F8D82 /* ToDoListItemView.swift */; };
		6D7709C62C63FCA8004F8D82 /* User.swift in Sources */ = {isa = PBXBuildFile; fileRef = 6D7709C52C63FCA8004F8D82 /* User.swift */; };
		6D7709C82C63FCCA004F8D82 /* ToDoListItem.swift in Sources */ = {isa = PBXBuildFile; fileRef = 6D7709C72C63FCCA004F8D82 /* ToDoListItem.swift */; };
		6D7709CA2C63FD25004F8D82 /* MainViewModel.swift in Sources */ = {isa = PBXBuildFile; fileRef = 6D7709C92C63FD25004F8D82 /* MainViewModel.swift */; };
		6D7709CC2C63FD40004F8D82 /* ProfileViewModel.swift in Sources */ = {isa = PBXBuildFile; fileRef = 6D7709CB2C63FD40004F8D82 /* ProfileViewModel.swift */; };
		6D7709CE2C63FD92004F8D82 /* ToDoListViewModel.swift in Sources */ = {isa = PBXBuildFile; fileRef = 6D7709CD2C63FD92004F8D82 /* ToDoListViewModel.swift */; };
		6D7709D02C63FDA4004F8D82 /* NewItemViewModel.swift in Sources */ = {isa = PBXBuildFile; fileRef = 6D7709CF2C63FDA4004F8D82 /* NewItemViewModel.swift */; };
		6D7709D22C63FDB6004F8D82 /* LoginViewModel.swift in Sources */ = {isa = PBXBuildFile; fileRef = 6D7709D12C63FDB6004F8D82 /* LoginViewModel.swift */; };
		6D7709D42C63FDC7004F8D82 /* RegisterViewModel.swift in Sources */ = {isa = PBXBuildFile; fileRef = 6D7709D32C63FDC7004F8D82 /* RegisterViewModel.swift */; };
		6D7709D62C63FE16004F8D82 /* ToDoListItemViewModel.swift in Sources */ = {isa = PBXBuildFile; fileRef = 6D7709D52C63FE16004F8D82 /* ToDoListItemViewModel.swift */; };
		6D7709D92C6401FC004F8D82 /* AppStrings.swift in Sources */ = {isa = PBXBuildFile; fileRef = 6D7709D82C6401FC004F8D82 /* AppStrings.swift */; };
		6D7709DB2C640B50004F8D82 /* HeaderView.swift in Sources */ = {isa = PBXBuildFile; fileRef = 6D7709DA2C640B50004F8D82 /* HeaderView.swift */; };
		6D7709DF2C64AA61004F8D82 /* TLButton.swift in Sources */ = {isa = PBXBuildFile; fileRef = 6D7709DE2C64AA61004F8D82 /* TLButton.swift */; };
		6D7709E22C65052B004F8D82 /* FirebaseAuth in Frameworks */ = {isa = PBXBuildFile; productRef = 6D7709E12C65052B004F8D82 /* FirebaseAuth */; };
		6D7709E42C655A20004F8D82 /* FirebaseFirestore in Frameworks */ = {isa = PBXBuildFile; productRef = 6D7709E32C655A20004F8D82 /* FirebaseFirestore */; };
		6D7709E92C655B3E004F8D82 /* Encodable+Extension.swift in Sources */ = {isa = PBXBuildFile; fileRef = 6D7709E82C655B3E004F8D82 /* Encodable+Extension.swift */; };
		6D7709EB2C661808004F8D82 /* AppFonts.swift in Sources */ = {isa = PBXBuildFile; fileRef = 6D7709EA2C661808004F8D82 /* AppFonts.swift */; };
/* End PBXBuildFile section */

/* Begin PBXFileReference section */
		6D7709982C63C5D0004F8D82 /* ToDoListSUI.app */ = {isa = PBXFileReference; explicitFileType = wrapper.application; includeInIndex = 0; path = ToDoListSUI.app; sourceTree = BUILT_PRODUCTS_DIR; };
		6D77099B2C63C5D0004F8D82 /* ToDoListSUIApp.swift */ = {isa = PBXFileReference; lastKnownFileType = sourcecode.swift; path = ToDoListSUIApp.swift; sourceTree = "<group>"; };
		6D77099D2C63C5D0004F8D82 /* MainView.swift */ = {isa = PBXFileReference; lastKnownFileType = sourcecode.swift; path = MainView.swift; sourceTree = "<group>"; };
		6D77099F2C63C5D1004F8D82 /* Assets.xcassets */ = {isa = PBXFileReference; lastKnownFileType = folder.assetcatalog; path = Assets.xcassets; sourceTree = "<group>"; };
		6D7709A22C63C5D1004F8D82 /* Preview Assets.xcassets */ = {isa = PBXFileReference; lastKnownFileType = folder.assetcatalog; path = "Preview Assets.xcassets"; sourceTree = "<group>"; };
		6D7709B42C63C724004F8D82 /* GoogleService-Info.plist */ = {isa = PBXFileReference; fileEncoding = 4; lastKnownFileType = text.plist.xml; path = "GoogleService-Info.plist"; sourceTree = "<group>"; };
		6D7709B92C63E1E7004F8D82 /* ProfileView.swift */ = {isa = PBXFileReference; lastKnownFileType = sourcecode.swift; path = ProfileView.swift; sourceTree = "<group>"; };
		6D7709BB2C63E236004F8D82 /* ToDoListView.swift */ = {isa = PBXFileReference; lastKnownFileType = sourcecode.swift; path = ToDoListView.swift; sourceTree = "<group>"; };
		6D7709BD2C63E24E004F8D82 /* NewItemView.swift */ = {isa = PBXFileReference; lastKnownFileType = sourcecode.swift; path = NewItemView.swift; sourceTree = "<group>"; };
		6D7709BF2C63E271004F8D82 /* LoginView.swift */ = {isa = PBXFileReference; lastKnownFileType = sourcecode.swift; path = LoginView.swift; sourceTree = "<group>"; };
		6D7709C12C63E289004F8D82 /* RegisterView.swift */ = {isa = PBXFileReference; lastKnownFileType = sourcecode.swift; path = RegisterView.swift; sourceTree = "<group>"; };
		6D7709C32C63FC47004F8D82 /* ToDoListItemView.swift */ = {isa = PBXFileReference; lastKnownFileType = sourcecode.swift; path = ToDoListItemView.swift; sourceTree = "<group>"; };
		6D7709C52C63FCA8004F8D82 /* User.swift */ = {isa = PBXFileReference; lastKnownFileType = sourcecode.swift; path = User.swift; sourceTree = "<group>"; };
		6D7709C72C63FCCA004F8D82 /* ToDoListItem.swift */ = {isa = PBXFileReference; lastKnownFileType = sourcecode.swift; path = ToDoListItem.swift; sourceTree = "<group>"; };
		6D7709C92C63FD25004F8D82 /* MainViewModel.swift */ = {isa = PBXFileReference; lastKnownFileType = sourcecode.swift; path = MainViewModel.swift; sourceTree = "<group>"; };
		6D7709CB2C63FD40004F8D82 /* ProfileViewModel.swift */ = {isa = PBXFileReference; lastKnownFileType = sourcecode.swift; path = ProfileViewModel.swift; sourceTree = "<group>"; };
		6D7709CD2C63FD92004F8D82 /* ToDoListViewModel.swift */ = {isa = PBXFileReference; lastKnownFileType = sourcecode.swift; path = ToDoListViewModel.swift; sourceTree = "<group>"; };
		6D7709CF2C63FDA4004F8D82 /* NewItemViewModel.swift */ = {isa = PBXFileReference; lastKnownFileType = sourcecode.swift; path = NewItemViewModel.swift; sourceTree = "<group>"; };
		6D7709D12C63FDB6004F8D82 /* LoginViewModel.swift */ = {isa = PBXFileReference; lastKnownFileType = sourcecode.swift; path = LoginViewModel.swift; sourceTree = "<group>"; };
		6D7709D32C63FDC7004F8D82 /* RegisterViewModel.swift */ = {isa = PBXFileReference; lastKnownFileType = sourcecode.swift; path = RegisterViewModel.swift; sourceTree = "<group>"; };
		6D7709D52C63FE16004F8D82 /* ToDoListItemViewModel.swift */ = {isa = PBXFileReference; lastKnownFileType = sourcecode.swift; path = ToDoListItemViewModel.swift; sourceTree = "<group>"; };
		6D7709D82C6401FC004F8D82 /* AppStrings.swift */ = {isa = PBXFileReference; lastKnownFileType = sourcecode.swift; path = AppStrings.swift; sourceTree = "<group>"; };
		6D7709DA2C640B50004F8D82 /* HeaderView.swift */ = {isa = PBXFileReference; lastKnownFileType = sourcecode.swift; path = HeaderView.swift; sourceTree = "<group>"; };
		6D7709DE2C64AA61004F8D82 /* TLButton.swift */ = {isa = PBXFileReference; lastKnownFileType = sourcecode.swift; path = TLButton.swift; sourceTree = "<group>"; };
		6D7709E82C655B3E004F8D82 /* Encodable+Extension.swift */ = {isa = PBXFileReference; lastKnownFileType = sourcecode.swift; path = "Encodable+Extension.swift"; sourceTree = "<group>"; };
		6D7709EA2C661808004F8D82 /* AppFonts.swift */ = {isa = PBXFileReference; lastKnownFileType = sourcecode.swift; path = AppFonts.swift; sourceTree = "<group>"; };
/* End PBXFileReference section */

/* Begin PBXFrameworksBuildPhase section */
		6D7709952C63C5D0004F8D82 /* Frameworks */ = {
			isa = PBXFrameworksBuildPhase;
			buildActionMask = 2147483647;
			files = (
				6D7709B12C63C69D004F8D82 /* FirebaseAppCheck in Frameworks */,
				6D7709E22C65052B004F8D82 /* FirebaseAuth in Frameworks */,
				6D7709AB2C63C69D004F8D82 /* FirebaseAnalytics in Frameworks */,
				6D7709B32C63C69D004F8D82 /* FirebaseAppDistribution-Beta in Frameworks */,
				6D7709AF2C63C69D004F8D82 /* FirebaseAnalyticsWithoutAdIdSupport in Frameworks */,
				6D7709AD2C63C69D004F8D82 /* FirebaseAnalyticsOnDeviceConversion in Frameworks */,
				6D7709E42C655A20004F8D82 /* FirebaseFirestore in Frameworks */,
			);
			runOnlyForDeploymentPostprocessing = 0;
		};
/* End PBXFrameworksBuildPhase section */

/* Begin PBXGroup section */
		6D77098F2C63C5D0004F8D82 = {
			isa = PBXGroup;
			children = (
				6D77099A2C63C5D0004F8D82 /* ToDoListSUI */,
				6D7709992C63C5D0004F8D82 /* Products */,
				6D7709E02C65052B004F8D82 /* Frameworks */,
			);
			sourceTree = "<group>";
		};
		6D7709992C63C5D0004F8D82 /* Products */ = {
			isa = PBXGroup;
			children = (
				6D7709982C63C5D0004F8D82 /* ToDoListSUI.app */,
			);
			name = Products;
			sourceTree = "<group>";
		};
		6D77099A2C63C5D0004F8D82 /* ToDoListSUI */ = {
			isa = PBXGroup;
			children = (
				6D7709B82C63E0A9004F8D82 /* Models */,
				6D7709B72C63E08B004F8D82 /* ViewModels */,
				6D7709B62C63E07F004F8D82 /* Views */,
				6D7709D72C640181004F8D82 /* Resources */,
				6D7709E72C655B04004F8D82 /* Extensions */,
				6D7709B42C63C724004F8D82 /* GoogleService-Info.plist */,
				6D77099B2C63C5D0004F8D82 /* ToDoListSUIApp.swift */,
				6D77099F2C63C5D1004F8D82 /* Assets.xcassets */,
				6D7709A12C63C5D1004F8D82 /* Preview Content */,
			);
			path = ToDoListSUI;
			sourceTree = "<group>";
		};
		6D7709A12C63C5D1004F8D82 /* Preview Content */ = {
			isa = PBXGroup;
			children = (
				6D7709A22C63C5D1004F8D82 /* Preview Assets.xcassets */,
			);
			path = "Preview Content";
			sourceTree = "<group>";
		};
		6D7709B62C63E07F004F8D82 /* Views */ = {
			isa = PBXGroup;
			children = (
				6D7709DD2C64AA35004F8D82 /* CustomViews */,
				6D77099D2C63C5D0004F8D82 /* MainView.swift */,
				6D7709B92C63E1E7004F8D82 /* ProfileView.swift */,
				6D7709BD2C63E24E004F8D82 /* NewItemView.swift */,
				6D7709BF2C63E271004F8D82 /* LoginView.swift */,
				6D7709C12C63E289004F8D82 /* RegisterView.swift */,
				6D7709BB2C63E236004F8D82 /* ToDoListView.swift */,
				6D7709C32C63FC47004F8D82 /* ToDoListItemView.swift */,
			);
			path = Views;
			sourceTree = "<group>";
		};
		6D7709B72C63E08B004F8D82 /* ViewModels */ = {
			isa = PBXGroup;
			children = (
				6D7709C92C63FD25004F8D82 /* MainViewModel.swift */,
				6D7709CB2C63FD40004F8D82 /* ProfileViewModel.swift */,
				6D7709CF2C63FDA4004F8D82 /* NewItemViewModel.swift */,
				6D7709D12C63FDB6004F8D82 /* LoginViewModel.swift */,
				6D7709D32C63FDC7004F8D82 /* RegisterViewModel.swift */,
				6D7709CD2C63FD92004F8D82 /* ToDoListViewModel.swift */,
				6D7709D52C63FE16004F8D82 /* ToDoListItemViewModel.swift */,
			);
			path = ViewModels;
			sourceTree = "<group>";
		};
		6D7709B82C63E0A9004F8D82 /* Models */ = {
			isa = PBXGroup;
			children = (
				6D7709C52C63FCA8004F8D82 /* User.swift */,
				6D7709C72C63FCCA004F8D82 /* ToDoListItem.swift */,
			);
			path = Models;
			sourceTree = "<group>";
		};
		6D7709D72C640181004F8D82 /* Resources */ = {
			isa = PBXGroup;
			children = (
				6D7709D82C6401FC004F8D82 /* AppStrings.swift */,
				6D7709EA2C661808004F8D82 /* AppFonts.swift */,
			);
			path = Resources;
			sourceTree = "<group>";
		};
		6D7709DD2C64AA35004F8D82 /* CustomViews */ = {
			isa = PBXGroup;
			children = (
				6D7709DA2C640B50004F8D82 /* HeaderView.swift */,
				6D7709DE2C64AA61004F8D82 /* TLButton.swift */,
			);
			path = CustomViews;
			sourceTree = "<group>";
		};
		6D7709E02C65052B004F8D82 /* Frameworks */ = {
			isa = PBXGroup;
			children = (
			);
			name = Frameworks;
			sourceTree = "<group>";
		};
		6D7709E72C655B04004F8D82 /* Extensions */ = {
			isa = PBXGroup;
			children = (
				6D7709E82C655B3E004F8D82 /* Encodable+Extension.swift */,
			);
			path = Extensions;
			sourceTree = "<group>";
		};
/* End PBXGroup section */

/* Begin PBXNativeTarget section */
		6D7709972C63C5D0004F8D82 /* ToDoListSUI */ = {
			isa = PBXNativeTarget;
			buildConfigurationList = 6D7709A62C63C5D1004F8D82 /* Build configuration list for PBXNativeTarget "ToDoListSUI" */;
			buildPhases = (
				6D7709942C63C5D0004F8D82 /* Sources */,
				6D7709952C63C5D0004F8D82 /* Frameworks */,
				6D7709962C63C5D0004F8D82 /* Resources */,
			);
			buildRules = (
			);
			dependencies = (
			);
			name = ToDoListSUI;
			packageProductDependencies = (
				6D7709AA2C63C69D004F8D82 /* FirebaseAnalytics */,
				6D7709AC2C63C69D004F8D82 /* FirebaseAnalyticsOnDeviceConversion */,
				6D7709AE2C63C69D004F8D82 /* FirebaseAnalyticsWithoutAdIdSupport */,
				6D7709B02C63C69D004F8D82 /* FirebaseAppCheck */,
				6D7709B22C63C69D004F8D82 /* FirebaseAppDistribution-Beta */,
				6D7709E12C65052B004F8D82 /* FirebaseAuth */,
				6D7709E32C655A20004F8D82 /* FirebaseFirestore */,
			);
			productName = ToDoListSUI;
			productReference = 6D7709982C63C5D0004F8D82 /* ToDoListSUI.app */;
			productType = "com.apple.product-type.application";
		};
/* End PBXNativeTarget section */

/* Begin PBXProject section */
		6D7709902C63C5D0004F8D82 /* Project object */ = {
			isa = PBXProject;
			attributes = {
				BuildIndependentTargetsInParallel = 1;
				LastSwiftUpdateCheck = 1510;
				LastUpgradeCheck = 1510;
				TargetAttributes = {
					6D7709972C63C5D0004F8D82 = {
						CreatedOnToolsVersion = 15.1;
					};
				};
			};
			buildConfigurationList = 6D7709932C63C5D0004F8D82 /* Build configuration list for PBXProject "ToDoListSUI" */;
			compatibilityVersion = "Xcode 14.0";
			developmentRegion = en;
			hasScannedForEncodings = 0;
			knownRegions = (
				en,
				Base,
			);
			mainGroup = 6D77098F2C63C5D0004F8D82;
			packageReferences = (
				6D7709A92C63C69D004F8D82 /* XCRemoteSwiftPackageReference "firebase-ios-sdk" */,
			);
			productRefGroup = 6D7709992C63C5D0004F8D82 /* Products */;
			projectDirPath = "";
			projectRoot = "";
			targets = (
				6D7709972C63C5D0004F8D82 /* ToDoListSUI */,
			);
		};
/* End PBXProject section */

/* Begin PBXResourcesBuildPhase section */
		6D7709962C63C5D0004F8D82 /* Resources */ = {
			isa = PBXResourcesBuildPhase;
			buildActionMask = 2147483647;
			files = (
				6D7709A32C63C5D1004F8D82 /* Preview Assets.xcassets in Resources */,
				6D7709A02C63C5D1004F8D82 /* Assets.xcassets in Resources */,
				6D7709B52C63C724004F8D82 /* GoogleService-Info.plist in Resources */,
			);
			runOnlyForDeploymentPostprocessing = 0;
		};
/* End PBXResourcesBuildPhase section */

/* Begin PBXSourcesBuildPhase section */
		6D7709942C63C5D0004F8D82 /* Sources */ = {
			isa = PBXSourcesBuildPhase;
			buildActionMask = 2147483647;
			files = (
				6D7709D92C6401FC004F8D82 /* AppStrings.swift in Sources */,
				6D7709C02C63E271004F8D82 /* LoginView.swift in Sources */,
				6D77099E2C63C5D0004F8D82 /* MainView.swift in Sources */,
				6D7709CA2C63FD25004F8D82 /* MainViewModel.swift in Sources */,
				6D7709D42C63FDC7004F8D82 /* RegisterViewModel.swift in Sources */,
				6D7709BA2C63E1E7004F8D82 /* ProfileView.swift in Sources */,
				6D7709DB2C640B50004F8D82 /* HeaderView.swift in Sources */,
				6D7709C22C63E289004F8D82 /* RegisterView.swift in Sources */,
				6D7709BC2C63E236004F8D82 /* ToDoListView.swift in Sources */,
				6D7709DF2C64AA61004F8D82 /* TLButton.swift in Sources */,
				6D7709CC2C63FD40004F8D82 /* ProfileViewModel.swift in Sources */,
				6D7709C62C63FCA8004F8D82 /* User.swift in Sources */,
				6D7709D62C63FE16004F8D82 /* ToDoListItemViewModel.swift in Sources */,
				6D7709D22C63FDB6004F8D82 /* LoginViewModel.swift in Sources */,
				6D7709D02C63FDA4004F8D82 /* NewItemViewModel.swift in Sources */,
				6D7709C42C63FC47004F8D82 /* ToDoListItemView.swift in Sources */,
				6D7709EB2C661808004F8D82 /* AppFonts.swift in Sources */,
				6D77099C2C63C5D0004F8D82 /* ToDoListSUIApp.swift in Sources */,
				6D7709E92C655B3E004F8D82 /* Encodable+Extension.swift in Sources */,
				6D7709CE2C63FD92004F8D82 /* ToDoListViewModel.swift in Sources */,
				6D7709C82C63FCCA004F8D82 /* ToDoListItem.swift in Sources */,
				6D7709BE2C63E24E004F8D82 /* NewItemView.swift in Sources */,
			);
			runOnlyForDeploymentPostprocessing = 0;
		};
/* End PBXSourcesBuildPhase section */

/* Begin XCBuildConfiguration section */
		6D7709A42C63C5D1004F8D82 /* Debug */ = {
			isa = XCBuildConfiguration;
			buildSettings = {
				ALWAYS_SEARCH_USER_PATHS = NO;
				ASSETCATALOG_COMPILER_GENERATE_SWIFT_ASSET_SYMBOL_EXTENSIONS = YES;
				CLANG_ANALYZER_NONNULL = YES;
				CLANG_ANALYZER_NUMBER_OBJECT_CONVERSION = YES_AGGRESSIVE;
				CLANG_CXX_LANGUAGE_STANDARD = "gnu++20";
				CLANG_ENABLE_MODULES = YES;
				CLANG_ENABLE_OBJC_ARC = YES;
				CLANG_ENABLE_OBJC_WEAK = YES;
				CLANG_WARN_BLOCK_CAPTURE_AUTORELEASING = YES;
				CLANG_WARN_BOOL_CONVERSION = YES;
				CLANG_WARN_COMMA = YES;
				CLANG_WARN_CONSTANT_CONVERSION = YES;
				CLANG_WARN_DEPRECATED_OBJC_IMPLEMENTATIONS = YES;
				CLANG_WARN_DIRECT_OBJC_ISA_USAGE = YES_ERROR;
				CLANG_WARN_DOCUMENTATION_COMMENTS = YES;
				CLANG_WARN_EMPTY_BODY = YES;
				CLANG_WARN_ENUM_CONVERSION = YES;
				CLANG_WARN_INFINITE_RECURSION = YES;
				CLANG_WARN_INT_CONVERSION = YES;
				CLANG_WARN_NON_LITERAL_NULL_CONVERSION = YES;
				CLANG_WARN_OBJC_IMPLICIT_RETAIN_SELF = YES;
				CLANG_WARN_OBJC_LITERAL_CONVERSION = YES;
				CLANG_WARN_OBJC_ROOT_CLASS = YES_ERROR;
				CLANG_WARN_QUOTED_INCLUDE_IN_FRAMEWORK_HEADER = YES;
				CLANG_WARN_RANGE_LOOP_ANALYSIS = YES;
				CLANG_WARN_STRICT_PROTOTYPES = YES;
				CLANG_WARN_SUSPICIOUS_MOVE = YES;
				CLANG_WARN_UNGUARDED_AVAILABILITY = YES_AGGRESSIVE;
				CLANG_WARN_UNREACHABLE_CODE = YES;
				CLANG_WARN__DUPLICATE_METHOD_MATCH = YES;
				COPY_PHASE_STRIP = NO;
				DEBUG_INFORMATION_FORMAT = dwarf;
				ENABLE_STRICT_OBJC_MSGSEND = YES;
				ENABLE_TESTABILITY = YES;
				ENABLE_USER_SCRIPT_SANDBOXING = YES;
				GCC_C_LANGUAGE_STANDARD = gnu17;
				GCC_DYNAMIC_NO_PIC = NO;
				GCC_NO_COMMON_BLOCKS = YES;
				GCC_OPTIMIZATION_LEVEL = 0;
				GCC_PREPROCESSOR_DEFINITIONS = (
					"DEBUG=1",
					"$(inherited)",
				);
				GCC_WARN_64_TO_32_BIT_CONVERSION = YES;
				GCC_WARN_ABOUT_RETURN_TYPE = YES_ERROR;
				GCC_WARN_UNDECLARED_SELECTOR = YES;
				GCC_WARN_UNINITIALIZED_AUTOS = YES_AGGRESSIVE;
				GCC_WARN_UNUSED_FUNCTION = YES;
				GCC_WARN_UNUSED_VARIABLE = YES;
				IPHONEOS_DEPLOYMENT_TARGET = 17.2;
				LOCALIZATION_PREFERS_STRING_CATALOGS = YES;
				MTL_ENABLE_DEBUG_INFO = INCLUDE_SOURCE;
				MTL_FAST_MATH = YES;
				ONLY_ACTIVE_ARCH = YES;
				SDKROOT = iphoneos;
				SWIFT_ACTIVE_COMPILATION_CONDITIONS = "DEBUG $(inherited)";
				SWIFT_OPTIMIZATION_LEVEL = "-Onone";
			};
			name = Debug;
		};
		6D7709A52C63C5D1004F8D82 /* Release */ = {
			isa = XCBuildConfiguration;
			buildSettings = {
				ALWAYS_SEARCH_USER_PATHS = NO;
				ASSETCATALOG_COMPILER_GENERATE_SWIFT_ASSET_SYMBOL_EXTENSIONS = YES;
				CLANG_ANALYZER_NONNULL = YES;
				CLANG_ANALYZER_NUMBER_OBJECT_CONVERSION = YES_AGGRESSIVE;
				CLANG_CXX_LANGUAGE_STANDARD = "gnu++20";
				CLANG_ENABLE_MODULES = YES;
				CLANG_ENABLE_OBJC_ARC = YES;
				CLANG_ENABLE_OBJC_WEAK = YES;
				CLANG_WARN_BLOCK_CAPTURE_AUTORELEASING = YES;
				CLANG_WARN_BOOL_CONVERSION = YES;
				CLANG_WARN_COMMA = YES;
				CLANG_WARN_CONSTANT_CONVERSION = YES;
				CLANG_WARN_DEPRECATED_OBJC_IMPLEMENTATIONS = YES;
				CLANG_WARN_DIRECT_OBJC_ISA_USAGE = YES_ERROR;
				CLANG_WARN_DOCUMENTATION_COMMENTS = YES;
				CLANG_WARN_EMPTY_BODY = YES;
				CLANG_WARN_ENUM_CONVERSION = YES;
				CLANG_WARN_INFINITE_RECURSION = YES;
				CLANG_WARN_INT_CONVERSION = YES;
				CLANG_WARN_NON_LITERAL_NULL_CONVERSION = YES;
				CLANG_WARN_OBJC_IMPLICIT_RETAIN_SELF = YES;
				CLANG_WARN_OBJC_LITERAL_CONVERSION = YES;
				CLANG_WARN_OBJC_ROOT_CLASS = YES_ERROR;
				CLANG_WARN_QUOTED_INCLUDE_IN_FRAMEWORK_HEADER = YES;
				CLANG_WARN_RANGE_LOOP_ANALYSIS = YES;
				CLANG_WARN_STRICT_PROTOTYPES = YES;
				CLANG_WARN_SUSPICIOUS_MOVE = YES;
				CLANG_WARN_UNGUARDED_AVAILABILITY = YES_AGGRESSIVE;
				CLANG_WARN_UNREACHABLE_CODE = YES;
				CLANG_WARN__DUPLICATE_METHOD_MATCH = YES;
				COPY_PHASE_STRIP = NO;
				DEBUG_INFORMATION_FORMAT = "dwarf-with-dsym";
				ENABLE_NS_ASSERTIONS = NO;
				ENABLE_STRICT_OBJC_MSGSEND = YES;
				ENABLE_USER_SCRIPT_SANDBOXING = YES;
				GCC_C_LANGUAGE_STANDARD = gnu17;
				GCC_NO_COMMON_BLOCKS = YES;
				GCC_WARN_64_TO_32_BIT_CONVERSION = YES;
				GCC_WARN_ABOUT_RETURN_TYPE = YES_ERROR;
				GCC_WARN_UNDECLARED_SELECTOR = YES;
				GCC_WARN_UNINITIALIZED_AUTOS = YES_AGGRESSIVE;
				GCC_WARN_UNUSED_FUNCTION = YES;
				GCC_WARN_UNUSED_VARIABLE = YES;
				IPHONEOS_DEPLOYMENT_TARGET = 17.2;
				LOCALIZATION_PREFERS_STRING_CATALOGS = YES;
				MTL_ENABLE_DEBUG_INFO = NO;
				MTL_FAST_MATH = YES;
				SDKROOT = iphoneos;
				SWIFT_COMPILATION_MODE = wholemodule;
				VALIDATE_PRODUCT = YES;
			};
			name = Release;
		};
		6D7709A72C63C5D1004F8D82 /* Debug */ = {
			isa = XCBuildConfiguration;
			buildSettings = {
				ASSETCATALOG_COMPILER_APPICON_NAME = AppIcon;
				ASSETCATALOG_COMPILER_GLOBAL_ACCENT_COLOR_NAME = AccentColor;
				CODE_SIGN_STYLE = Automatic;
				CURRENT_PROJECT_VERSION = 1;
				DEVELOPMENT_ASSET_PATHS = "\"ToDoListSUI/Preview Content\"";
				DEVELOPMENT_TEAM = F9ZCG6RK45;
				ENABLE_PREVIEWS = YES;
				GENERATE_INFOPLIST_FILE = YES;
				INFOPLIST_KEY_CFBundleDisplayName = "To Do List";
				INFOPLIST_KEY_UIApplicationSceneManifest_Generation = YES;
				INFOPLIST_KEY_UIApplicationSupportsIndirectInputEvents = YES;
				INFOPLIST_KEY_UILaunchScreen_Generation = YES;
				INFOPLIST_KEY_UISupportedInterfaceOrientations = UIInterfaceOrientationPortrait;
				LD_RUNPATH_SEARCH_PATHS = (
					"$(inherited)",
					"@executable_path/Frameworks",
				);
				MARKETING_VERSION = 1.0;
				PRODUCT_BUNDLE_IDENTIFIER = Damir.ToDoListSUI;
				PRODUCT_NAME = "$(TARGET_NAME)";
				SUPPORTED_PLATFORMS = "iphoneos iphonesimulator";
				SUPPORTS_MACCATALYST = NO;
				SUPPORTS_MAC_DESIGNED_FOR_IPHONE_IPAD = NO;
				SWIFT_EMIT_LOC_STRINGS = YES;
				SWIFT_VERSION = 5.0;
				TARGETED_DEVICE_FAMILY = "1,2";
			};
			name = Debug;
		};
		6D7709A82C63C5D1004F8D82 /* Release */ = {
			isa = XCBuildConfiguration;
			buildSettings = {
				ASSETCATALOG_COMPILER_APPICON_NAME = AppIcon;
				ASSETCATALOG_COMPILER_GLOBAL_ACCENT_COLOR_NAME = AccentColor;
				CODE_SIGN_STYLE = Automatic;
				CURRENT_PROJECT_VERSION = 1;
				DEVELOPMENT_ASSET_PATHS = "\"ToDoListSUI/Preview Content\"";
				DEVELOPMENT_TEAM = F9ZCG6RK45;
				ENABLE_PREVIEWS = YES;
				GENERATE_INFOPLIST_FILE = YES;
				INFOPLIST_KEY_CFBundleDisplayName = "To Do List";
				INFOPLIST_KEY_UIApplicationSceneManifest_Generation = YES;
				INFOPLIST_KEY_UIApplicationSupportsIndirectInputEvents = YES;
				INFOPLIST_KEY_UILaunchScreen_Generation = YES;
				INFOPLIST_KEY_UISupportedInterfaceOrientations = UIInterfaceOrientationPortrait;
				LD_RUNPATH_SEARCH_PATHS = (
					"$(inherited)",
					"@executable_path/Frameworks",
				);
				MARKETING_VERSION = 1.0;
				PRODUCT_BUNDLE_IDENTIFIER = Damir.ToDoListSUI;
				PRODUCT_NAME = "$(TARGET_NAME)";
				SUPPORTED_PLATFORMS = "iphoneos iphonesimulator";
				SUPPORTS_MACCATALYST = NO;
				SUPPORTS_MAC_DESIGNED_FOR_IPHONE_IPAD = NO;
				SWIFT_EMIT_LOC_STRINGS = YES;
				SWIFT_VERSION = 5.0;
				TARGETED_DEVICE_FAMILY = "1,2";
			};
			name = Release;
		};
/* End XCBuildConfiguration section */

/* Begin XCConfigurationList section */
		6D7709932C63C5D0004F8D82 /* Build configuration list for PBXProject "ToDoListSUI" */ = {
			isa = XCConfigurationList;
			buildConfigurations = (
				6D7709A42C63C5D1004F8D82 /* Debug */,
				6D7709A52C63C5D1004F8D82 /* Release */,
			);
			defaultConfigurationIsVisible = 0;
			defaultConfigurationName = Release;
		};
		6D7709A62C63C5D1004F8D82 /* Build configuration list for PBXNativeTarget "ToDoListSUI" */ = {
			isa = XCConfigurationList;
			buildConfigurations = (
				6D7709A72C63C5D1004F8D82 /* Debug */,
				6D7709A82C63C5D1004F8D82 /* Release */,
			);
			defaultConfigurationIsVisible = 0;
			defaultConfigurationName = Release;
		};
/* End XCConfigurationList section */

/* Begin XCRemoteSwiftPackageReference section */
		6D7709A92C63C69D004F8D82 /* XCRemoteSwiftPackageReference "firebase-ios-sdk" */ = {
			isa = XCRemoteSwiftPackageReference;
			repositoryURL = "https://github.com/firebase/firebase-ios-sdk";
			requirement = {
				kind = upToNextMajorVersion;
				minimumVersion = 11.0.0;
			};
		};
/* End XCRemoteSwiftPackageReference section */

/* Begin XCSwiftPackageProductDependency section */
		6D7709AA2C63C69D004F8D82 /* FirebaseAnalytics */ = {
			isa = XCSwiftPackageProductDependency;
			package = 6D7709A92C63C69D004F8D82 /* XCRemoteSwiftPackageReference "firebase-ios-sdk" */;
			productName = FirebaseAnalytics;
		};
		6D7709AC2C63C69D004F8D82 /* FirebaseAnalyticsOnDeviceConversion */ = {
			isa = XCSwiftPackageProductDependency;
			package = 6D7709A92C63C69D004F8D82 /* XCRemoteSwiftPackageReference "firebase-ios-sdk" */;
			productName = FirebaseAnalyticsOnDeviceConversion;
		};
		6D7709AE2C63C69D004F8D82 /* FirebaseAnalyticsWithoutAdIdSupport */ = {
			isa = XCSwiftPackageProductDependency;
			package = 6D7709A92C63C69D004F8D82 /* XCRemoteSwiftPackageReference "firebase-ios-sdk" */;
			productName = FirebaseAnalyticsWithoutAdIdSupport;
		};
		6D7709B02C63C69D004F8D82 /* FirebaseAppCheck */ = {
			isa = XCSwiftPackageProductDependency;
			package = 6D7709A92C63C69D004F8D82 /* XCRemoteSwiftPackageReference "firebase-ios-sdk" */;
			productName = FirebaseAppCheck;
		};
		6D7709B22C63C69D004F8D82 /* FirebaseAppDistribution-Beta */ = {
			isa = XCSwiftPackageProductDependency;
			package = 6D7709A92C63C69D004F8D82 /* XCRemoteSwiftPackageReference "firebase-ios-sdk" */;
			productName = "FirebaseAppDistribution-Beta";
		};
		6D7709E12C65052B004F8D82 /* FirebaseAuth */ = {
			isa = XCSwiftPackageProductDependency;
			package = 6D7709A92C63C69D004F8D82 /* XCRemoteSwiftPackageReference "firebase-ios-sdk" */;
			productName = FirebaseAuth;
		};
		6D7709E32C655A20004F8D82 /* FirebaseFirestore */ = {
			isa = XCSwiftPackageProductDependency;
			package = 6D7709A92C63C69D004F8D82 /* XCRemoteSwiftPackageReference "firebase-ios-sdk" */;
			productName = FirebaseFirestore;
		};
/* End XCSwiftPackageProductDependency section */
	};
	rootObject = 6D7709902C63C5D0004F8D82 /* Project object */;
}
